// !$*UTF8*$!
{
	archiveVersion = 1;
	classes = {
	};
	objectVersion = 50;
	objects = {

/* Begin PBXBuildFile section */
		674197F8242C430100FE04EC /* AppDelegate.swift in Sources */ = {isa = PBXBuildFile; fileRef = 674197F7242C430100FE04EC /* AppDelegate.swift */; };
		674197FA242C430100FE04EC /* SceneDelegate.swift in Sources */ = {isa = PBXBuildFile; fileRef = 674197F9242C430100FE04EC /* SceneDelegate.swift */; };
		674197FC242C430100FE04EC /* ViewController.swift in Sources */ = {isa = PBXBuildFile; fileRef = 674197FB242C430100FE04EC /* ViewController.swift */; };
		674197FF242C430100FE04EC /* Main.storyboard in Resources */ = {isa = PBXBuildFile; fileRef = 674197FD242C430100FE04EC /* Main.storyboard */; };
		67419801242C430400FE04EC /* Assets.xcassets in Resources */ = {isa = PBXBuildFile; fileRef = 67419800242C430400FE04EC /* Assets.xcassets */; };
		67419804242C430400FE04EC /* LaunchScreen.storyboard in Resources */ = {isa = PBXBuildFile; fileRef = 67419802242C430400FE04EC /* LaunchScreen.storyboard */; };
		6741980F242C430400FE04EC /* SeeEyePeeDeeTests.swift in Sources */ = {isa = PBXBuildFile; fileRef = 6741980E242C430400FE04EC /* SeeEyePeeDeeTests.swift */; };
		6789A6922431BE610028CA03 /* ImageClassifier.swift in Sources */ = {isa = PBXBuildFile; fileRef = 6789A6912431BE610028CA03 /* ImageClassifier.swift */; };
/* End PBXBuildFile section */

/* Begin PBXContainerItemProxy section */
		6741980B242C430400FE04EC /* PBXContainerItemProxy */ = {
			isa = PBXContainerItemProxy;
			containerPortal = 674197EC242C430100FE04EC /* Project object */;
			proxyType = 1;
			remoteGlobalIDString = 674197F3242C430100FE04EC;
			remoteInfo = SeeEyePeeDee;
		};
/* End PBXContainerItemProxy section */

/* Begin PBXFileReference section */
		674197F4242C430100FE04EC /* SeeEyePeeDee.app */ = {isa = PBXFileReference; explicitFileType = wrapper.application; includeInIndex = 0; path = SeeEyePeeDee.app; sourceTree = BUILT_PRODUCTS_DIR; };
		674197F7242C430100FE04EC /* AppDelegate.swift */ = {isa = PBXFileReference; lastKnownFileType = sourcecode.swift; path = AppDelegate.swift; sourceTree = "<group>"; };
		674197F9242C430100FE04EC /* SceneDelegate.swift */ = {isa = PBXFileReference; lastKnownFileType = sourcecode.swift; path = SceneDelegate.swift; sourceTree = "<group>"; };
		674197FB242C430100FE04EC /* ViewController.swift */ = {isa = PBXFileReference; lastKnownFileType = sourcecode.swift; path = ViewController.swift; sourceTree = "<group>"; };
		674197FE242C430100FE04EC /* Base */ = {isa = PBXFileReference; lastKnownFileType = file.storyboard; name = Base; path = Base.lproj/Main.storyboard; sourceTree = "<group>"; };
		67419800242C430400FE04EC /* Assets.xcassets */ = {isa = PBXFileReference; lastKnownFileType = folder.assetcatalog; path = Assets.xcassets; sourceTree = "<group>"; };
		67419803242C430400FE04EC /* Base */ = {isa = PBXFileReference; lastKnownFileType = file.storyboard; name = Base; path = Base.lproj/LaunchScreen.storyboard; sourceTree = "<group>"; };
		67419805242C430400FE04EC /* Info.plist */ = {isa = PBXFileReference; lastKnownFileType = text.plist.xml; path = Info.plist; sourceTree = "<group>"; };
		6741980A242C430400FE04EC /* SeeEyePeeDeeTests.xctest */ = {isa = PBXFileReference; explicitFileType = wrapper.cfbundle; includeInIndex = 0; path = SeeEyePeeDeeTests.xctest; sourceTree = BUILT_PRODUCTS_DIR; };
		6741980E242C430400FE04EC /* SeeEyePeeDeeTests.swift */ = {isa = PBXFileReference; lastKnownFileType = sourcecode.swift; path = SeeEyePeeDeeTests.swift; sourceTree = "<group>"; };
		67419810242C430400FE04EC /* Info.plist */ = {isa = PBXFileReference; lastKnownFileType = text.plist.xml; path = Info.plist; sourceTree = "<group>"; };
		6789A6912431BE610028CA03 /* ImageClassifier.swift */ = {isa = PBXFileReference; lastKnownFileType = sourcecode.swift; path = ImageClassifier.swift; sourceTree = "<group>"; };
/* End PBXFileReference section */

/* Begin PBXFrameworksBuildPhase section */
		674197F1242C430100FE04EC /* Frameworks */ = {
			isa = PBXFrameworksBuildPhase;
			buildActionMask = 2147483647;
			files = (
			);
			runOnlyForDeploymentPostprocessing = 0;
		};
		67419807242C430400FE04EC /* Frameworks */ = {
			isa = PBXFrameworksBuildPhase;
			buildActionMask = 2147483647;
			files = (
			);
			runOnlyForDeploymentPostprocessing = 0;
		};
/* End PBXFrameworksBuildPhase section */

/* Begin PBXGroup section */
		674197EB242C430100FE04EC = {
			isa = PBXGroup;
			children = (
				674197F6242C430100FE04EC /* SeeEyePeeDee */,
				6741980D242C430400FE04EC /* SeeEyePeeDeeTests */,
				674197F5242C430100FE04EC /* Products */,
			);
			sourceTree = "<group>";
		};
		674197F5242C430100FE04EC /* Products */ = {
			isa = PBXGroup;
			children = (
				674197F4242C430100FE04EC /* SeeEyePeeDee.app */,
				6741980A242C430400FE04EC /* SeeEyePeeDeeTests.xctest */,
			);
			name = Products;
			sourceTree = "<group>";
		};
		674197F6242C430100FE04EC /* SeeEyePeeDee */ = {
			isa = PBXGroup;
			children = (
				674197F7242C430100FE04EC /* AppDelegate.swift */,
				674197F9242C430100FE04EC /* SceneDelegate.swift */,
				674197FB242C430100FE04EC /* ViewController.swift */,
				674197FD242C430100FE04EC /* Main.storyboard */,
				67419800242C430400FE04EC /* Assets.xcassets */,
				67419802242C430400FE04EC /* LaunchScreen.storyboard */,
				67419805242C430400FE04EC /* Info.plist */,
				6789A6912431BE610028CA03 /* ImageClassifier.swift */,
			);
			path = SeeEyePeeDee;
			sourceTree = "<group>";
		};
		6741980D242C430400FE04EC /* SeeEyePeeDeeTests */ = {
			isa = PBXGroup;
			children = (
				6741980E242C430400FE04EC /* SeeEyePeeDeeTests.swift */,
				67419810242C430400FE04EC /* Info.plist */,
			);
			path = SeeEyePeeDeeTests;
			sourceTree = "<group>";
		};
/* End PBXGroup section */

/* Begin PBXNativeTarget section */
		674197F3242C430100FE04EC /* SeeEyePeeDee */ = {
			isa = PBXNativeTarget;
			buildConfigurationList = 67419813242C430400FE04EC /* Build configuration list for PBXNativeTarget "SeeEyePeeDee" */;
			buildPhases = (
				674197F0242C430100FE04EC /* Sources */,
				674197F1242C430100FE04EC /* Frameworks */,
				674197F2242C430100FE04EC /* Resources */,
			);
			buildRules = (
			);
			dependencies = (
			);
			name = SeeEyePeeDee;
			productName = SeeEyePeeDee;
			productReference = 674197F4242C430100FE04EC /* SeeEyePeeDee.app */;
			productType = "com.apple.product-type.application";
		};
		67419809242C430400FE04EC /* SeeEyePeeDeeTests */ = {
			isa = PBXNativeTarget;
			buildConfigurationList = 67419816242C430400FE04EC /* Build configuration list for PBXNativeTarget "SeeEyePeeDeeTests" */;
			buildPhases = (
				67419806242C430400FE04EC /* Sources */,
				67419807242C430400FE04EC /* Frameworks */,
				67419808242C430400FE04EC /* Resources */,
			);
			buildRules = (
			);
			dependencies = (
				6741980C242C430400FE04EC /* PBXTargetDependency */,
			);
			name = SeeEyePeeDeeTests;
			productName = SeeEyePeeDeeTests;
			productReference = 6741980A242C430400FE04EC /* SeeEyePeeDeeTests.xctest */;
			productType = "com.apple.product-type.bundle.unit-test";
		};
/* End PBXNativeTarget section */

/* Begin PBXProject section */
		674197EC242C430100FE04EC /* Project object */ = {
			isa = PBXProject;
			attributes = {
				LastSwiftUpdateCheck = 1130;
				LastUpgradeCheck = 1130;
				ORGANIZATIONNAME = "Colin Savage";
				TargetAttributes = {
					674197F3242C430100FE04EC = {
						CreatedOnToolsVersion = 11.3.1;
					};
					67419809242C430400FE04EC = {
						CreatedOnToolsVersion = 11.3.1;
						TestTargetID = 674197F3242C430100FE04EC;
					};
				};
			};
			buildConfigurationList = 674197EF242C430100FE04EC /* Build configuration list for PBXProject "SeeEyePeeDee" */;
			compatibilityVersion = "Xcode 9.3";
			developmentRegion = en;
			hasScannedForEncodings = 0;
			knownRegions = (
				en,
				Base,
			);
			mainGroup = 674197EB242C430100FE04EC;
			productRefGroup = 674197F5242C430100FE04EC /* Products */;
			projectDirPath = "";
			projectRoot = "";
			targets = (
				674197F3242C430100FE04EC /* SeeEyePeeDee */,
				67419809242C430400FE04EC /* SeeEyePeeDeeTests */,
			);
		};
/* End PBXProject section */

/* Begin PBXResourcesBuildPhase section */
		674197F2242C430100FE04EC /* Resources */ = {
			isa = PBXResourcesBuildPhase;
			buildActionMask = 2147483647;
			files = (
				67419804242C430400FE04EC /* LaunchScreen.storyboard in Resources */,
				67419801242C430400FE04EC /* Assets.xcassets in Resources */,
				674197FF242C430100FE04EC /* Main.storyboard in Resources */,
			);
			runOnlyForDeploymentPostprocessing = 0;
		};
		67419808242C430400FE04EC /* Resources */ = {
			isa = PBXResourcesBuildPhase;
			buildActionMask = 2147483647;
			files = (
			);
			runOnlyForDeploymentPostprocessing = 0;
		};
/* End PBXResourcesBuildPhase section */

/* Begin PBXSourcesBuildPhase section */
		674197F0242C430100FE04EC /* Sources */ = {
			isa = PBXSourcesBuildPhase;
			buildActionMask = 2147483647;
			files = (
				6789A6922431BE610028CA03 /* ImageClassifier.swift in Sources */,
				674197FC242C430100FE04EC /* ViewController.swift in Sources */,
				674197F8242C430100FE04EC /* AppDelegate.swift in Sources */,
				674197FA242C430100FE04EC /* SceneDelegate.swift in Sources */,
			);
			runOnlyForDeploymentPostprocessing = 0;
		};
		67419806242C430400FE04EC /* Sources */ = {
			isa = PBXSourcesBuildPhase;
			buildActionMask = 2147483647;
			files = (
				6741980F242C430400FE04EC /* SeeEyePeeDeeTests.swift in Sources */,
			);
			runOnlyForDeploymentPostprocessing = 0;
		};
/* End PBXSourcesBuildPhase section */

/* Begin PBXTargetDependency section */
		6741980C242C430400FE04EC /* PBXTargetDependency */ = {
			isa = PBXTargetDependency;
			target = 674197F3242C430100FE04EC /* SeeEyePeeDee */;
			targetProxy = 6741980B242C430400FE04EC /* PBXContainerItemProxy */;
		};
/* End PBXTargetDependency section */

/* Begin PBXVariantGroup section */
		674197FD242C430100FE04EC /* Main.storyboard */ = {
			isa = PBXVariantGroup;
			children = (
				674197FE242C430100FE04EC /* Base */,
			);
			name = Main.storyboard;
			sourceTree = "<group>";
		};
		67419802242C430400FE04EC /* LaunchScreen.storyboard */ = {
			isa = PBXVariantGroup;
			children = (
				67419803242C430400FE04EC /* Base */,
			);
			name = LaunchScreen.storyboard;
			sourceTree = "<group>";
		};
/* End PBXVariantGroup section */

/* Begin XCBuildConfiguration section */
		67419811242C430400FE04EC /* Debug */ = {
			isa = XCBuildConfiguration;
			buildSettings = {
				ALWAYS_SEARCH_USER_PATHS = NO;
				CLANG_ANALYZER_NONNULL = YES;
				CLANG_ANALYZER_NUMBER_OBJECT_CONVERSION = YES_AGGRESSIVE;
				CLANG_CXX_LANGUAGE_STANDARD = "gnu++14";
				CLANG_CXX_LIBRARY = "libc++";
				CLANG_ENABLE_MODULES = YES;
				CLANG_ENABLE_OBJC_ARC = YES;
				CLANG_ENABLE_OBJC_WEAK = YES;
				CLANG_WARN_BLOCK_CAPTURE_AUTORELEASING = YES;
				CLANG_WARN_BOOL_CONVERSION = YES;
				CLANG_WARN_COMMA = YES;
				CLANG_WARN_CONSTANT_CONVERSION = YES;
				CLANG_WARN_DEPRECATED_OBJC_IMPLEMENTATIONS = YES;
				CLANG_WARN_DIRECT_OBJC_ISA_USAGE = YES_ERROR;
				CLANG_WARN_DOCUMENTATION_COMMENTS = YES;
				CLANG_WARN_EMPTY_BODY = YES;
				CLANG_WARN_ENUM_CONVERSION = YES;
				CLANG_WARN_INFINITE_RECURSION = YES;
				CLANG_WARN_INT_CONVERSION = YES;
				CLANG_WARN_NON_LITERAL_NULL_CONVERSION = YES;
				CLANG_WARN_OBJC_IMPLICIT_RETAIN_SELF = YES;
				CLANG_WARN_OBJC_LITERAL_CONVERSION = YES;
				CLANG_WARN_OBJC_ROOT_CLASS = YES_ERROR;
				CLANG_WARN_RANGE_LOOP_ANALYSIS = YES;
				CLANG_WARN_STRICT_PROTOTYPES = YES;
				CLANG_WARN_SUSPICIOUS_MOVE = YES;
				CLANG_WARN_UNGUARDED_AVAILABILITY = YES_AGGRESSIVE;
				CLANG_WARN_UNREACHABLE_CODE = YES;
				CLANG_WARN__DUPLICATE_METHOD_MATCH = YES;
				COPY_PHASE_STRIP = NO;
				DEBUG_INFORMATION_FORMAT = dwarf;
				ENABLE_STRICT_OBJC_MSGSEND = YES;
				ENABLE_TESTABILITY = YES;
				GCC_C_LANGUAGE_STANDARD = gnu11;
				GCC_DYNAMIC_NO_PIC = NO;
				GCC_NO_COMMON_BLOCKS = YES;
				GCC_OPTIMIZATION_LEVEL = 0;
				GCC_PREPROCESSOR_DEFINITIONS = (
					"DEBUG=1",
					"$(inherited)",
				);
				GCC_WARN_64_TO_32_BIT_CONVERSION = YES;
				GCC_WARN_ABOUT_RETURN_TYPE = YES_ERROR;
				GCC_WARN_UNDECLARED_SELECTOR = YES;
				GCC_WARN_UNINITIALIZED_AUTOS = YES_AGGRESSIVE;
				GCC_WARN_UNUSED_FUNCTION = YES;
				GCC_WARN_UNUSED_VARIABLE = YES;
				IPHONEOS_DEPLOYMENT_TARGET = 13.2;
				MTL_ENABLE_DEBUG_INFO = INCLUDE_SOURCE;
				MTL_FAST_MATH = YES;
				ONLY_ACTIVE_ARCH = YES;
				SDKROOT = iphoneos;
				SWIFT_ACTIVE_COMPILATION_CONDITIONS = DEBUG;
				SWIFT_OPTIMIZATION_LEVEL = "-Onone";
			};
			name = Debug;
		};
		67419812242C430400FE04EC /* Release */ = {
			isa = XCBuildConfiguration;
			buildSettings = {
				ALWAYS_SEARCH_USER_PATHS = NO;
				CLANG_ANALYZER_NONNULL = YES;
				CLANG_ANALYZER_NUMBER_OBJECT_CONVERSION = YES_AGGRESSIVE;
				CLANG_CXX_LANGUAGE_STANDARD = "gnu++14";
				CLANG_CXX_LIBRARY = "libc++";
				CLANG_ENABLE_MODULES = YES;
				CLANG_ENABLE_OBJC_ARC = YES;
				CLANG_ENABLE_OBJC_WEAK = YES;
				CLANG_WARN_BLOCK_CAPTURE_AUTORELEASING = YES;
				CLANG_WARN_BOOL_CONVERSION = YES;
				CLANG_WARN_COMMA = YES;
				CLANG_WARN_CONSTANT_CONVERSION = YES;
				CLANG_WARN_DEPRECATED_OBJC_IMPLEMENTATIONS = YES;
				CLANG_WARN_DIRECT_OBJC_ISA_USAGE = YES_ERROR;
				CLANG_WARN_DOCUMENTATION_COMMENTS = YES;
				CLANG_WARN_EMPTY_BODY = YES;
				CLANG_WARN_ENUM_CONVERSION = YES;
				CLANG_WARN_INFINITE_RECURSION = YES;
				CLANG_WARN_INT_CONVERSION = YES;
				CLANG_WARN_NON_LITERAL_NULL_CONVERSION = YES;
				CLANG_WARN_OBJC_IMPLICIT_RETAIN_SELF = YES;
				CLANG_WARN_OBJC_LITERAL_CONVERSION = YES;
				CLANG_WARN_OBJC_ROOT_CLASS = YES_ERROR;
				CLANG_WARN_RANGE_LOOP_ANALYSIS = YES;
				CLANG_WARN_STRICT_PROTOTYPES = YES;
				CLANG_WARN_SUSPICIOUS_MOVE = YES;
				CLANG_WARN_UNGUARDED_AVAILABILITY = YES_AGGRESSIVE;
				CLANG_WARN_UNREACHABLE_CODE = YES;
				CLANG_WARN__DUPLICATE_METHOD_MATCH = YES;
				COPY_PHASE_STRIP = NO;
				DEBUG_INFORMATION_FORMAT = "dwarf-with-dsym";
				ENABLE_NS_ASSERTIONS = NO;
				ENABLE_STRICT_OBJC_MSGSEND = YES;
				GCC_C_LANGUAGE_STANDARD = gnu11;
				GCC_NO_COMMON_BLOCKS = YES;
				GCC_WARN_64_TO_32_BIT_CONVERSION = YES;
				GCC_WARN_ABOUT_RETURN_TYPE = YES_ERROR;
				GCC_WARN_UNDECLARED_SELECTOR = YES;
				GCC_WARN_UNINITIALIZED_AUTOS = YES_AGGRESSIVE;
				GCC_WARN_UNUSED_FUNCTION = YES;
				GCC_WARN_UNUSED_VARIABLE = YES;
				IPHONEOS_DEPLOYMENT_TARGET = 13.2;
				MTL_ENABLE_DEBUG_INFO = NO;
				MTL_FAST_MATH = YES;
				SDKROOT = iphoneos;
				SWIFT_COMPILATION_MODE = wholemodule;
				SWIFT_OPTIMIZATION_LEVEL = "-O";
				VALIDATE_PRODUCT = YES;
			};
			name = Release;
		};
		67419814242C430400FE04EC /* Debug */ = {
			isa = XCBuildConfiguration;
			buildSettings = {
				ASSETCATALOG_COMPILER_APPICON_NAME = AppIcon;
				CODE_SIGN_IDENTITY = "iPhone Developer";
				CODE_SIGN_STYLE = Automatic;
				DEVELOPMENT_TEAM = 7S73W9UFSG;
				INFOPLIST_FILE = SeeEyePeeDee/Info.plist;
				IPHONEOS_DEPLOYMENT_TARGET = 12.4;
				LD_RUNPATH_SEARCH_PATHS = (
					"$(inherited)",
					"@executable_path/Frameworks",
				);
				PRODUCT_BUNDLE_IDENTIFIER = za.org.savage.SeeEyePeeDee;
				PRODUCT_NAME = "$(TARGET_NAME)";
				PROVISIONING_PROFILE_SPECIFIER = "";
				SWIFT_VERSION = 5.0;
				TARGETED_DEVICE_FAMILY = "1,2";
			};
			name = Debug;
		};
		67419815242C430400FE04EC /* Release */ = {
			isa = XCBuildConfiguration;
			buildSettings = {
				ASSETCATALOG_COMPILER_APPICON_NAME = AppIcon;
				CODE_SIGN_IDENTITY = "iPhone Developer";
				CODE_SIGN_STYLE = Automatic;
				DEVELOPMENT_TEAM = 7S73W9UFSG;
				INFOPLIST_FILE = SeeEyePeeDee/Info.plist;
				IPHONEOS_DEPLOYMENT_TARGET = 12.4;
				LD_RUNPATH_SEARCH_PATHS = (
					"$(inherited)",
					"@executable_path/Frameworks",
				);
				PRODUCT_BUNDLE_IDENTIFIER = za.org.savage.SeeEyePeeDee;
				PRODUCT_NAME = "$(TARGET_NAME)";
				PROVISIONING_PROFILE_SPECIFIER = "";
				SWIFT_VERSION = 5.0;
				TARGETED_DEVICE_FAMILY = "1,2";
			};
			name = Release;
		};
		67419817242C430400FE04EC /* Debug */ = {
			isa = XCBuildConfiguration;
			buildSettings = {
				ALWAYS_EMBED_SWIFT_STANDARD_LIBRARIES = YES;
				BUNDLE_LOADER = "$(TEST_HOST)";
				CODE_SIGN_STYLE = Automatic;
				DEVELOPMENT_TEAM = 7S73W9UFSG;
				INFOPLIST_FILE = SeeEyePeeDeeTests/Info.plist;
				IPHONEOS_DEPLOYMENT_TARGET = 13.2;
				LD_RUNPATH_SEARCH_PATHS = (
					"$(inherited)",
					"@executable_path/Frameworks",
					"@loader_path/Frameworks",
				);
				PRODUCT_BUNDLE_IDENTIFIER = za.org.savage.SeeEyePeeDeeTests;
				PRODUCT_NAME = "$(TARGET_NAME)";
				SWIFT_VERSION = 5.0;
				TARGETED_DEVICE_FAMILY = "1,2";
				TEST_HOST = "$(BUILT_PRODUCTS_DIR)/SeeEyePeeDee.app/SeeEyePeeDee";
			};
			name = Debug;
		};
		67419818242C430400FE04EC /* Release */ = {
			isa = XCBuildConfiguration;
			buildSettings = {
				ALWAYS_EMBED_SWIFT_STANDARD_LIBRARIES = YES;
				BUNDLE_LOADER = "$(TEST_HOST)";
				CODE_SIGN_STYLE = Automatic;
				DEVELOPMENT_TEAM = 7S73W9UFSG;
				INFOPLIST_FILE = SeeEyePeeDeeTests/Info.plist;
				IPHONEOS_DEPLOYMENT_TARGET = 13.2;
				LD_RUNPATH_SEARCH_PATHS = (
					"$(inherited)",
					"@executable_path/Frameworks",
					"@loader_path/Frameworks",
				);
				PRODUCT_BUNDLE_IDENTIFIER = za.org.savage.SeeEyePeeDeeTests;
				PRODUCT_NAME = "$(TARGET_NAME)";
				SWIFT_VERSION = 5.0;
				TARGETED_DEVICE_FAMILY = "1,2";
				TEST_HOST = "$(BUILT_PRODUCTS_DIR)/SeeEyePeeDee.app/SeeEyePeeDee";
			};
			name = Release;
		};
/* End XCBuildConfiguration section */

/* Begin XCConfigurationList section */
		674197EF242C430100FE04EC /* Build configuration list for PBXProject "SeeEyePeeDee" */ = {
			isa = XCConfigurationList;
			buildConfigurations = (
				67419811242C430400FE04EC /* Debug */,
				67419812242C430400FE04EC /* Release */,
			);
			defaultConfigurationIsVisible = 0;
			defaultConfigurationName = Release;
		};
		67419813242C430400FE04EC /* Build configuration list for PBXNativeTarget "SeeEyePeeDee" */ = {
			isa = XCConfigurationList;
			buildConfigurations = (
				67419814242C430400FE04EC /* Debug */,
				67419815242C430400FE04EC /* Release */,
			);
			defaultConfigurationIsVisible = 0;
			defaultConfigurationName = Release;
		};
		67419816242C430400FE04EC /* Build configuration list for PBXNativeTarget "SeeEyePeeDeeTests" */ = {
			isa = XCConfigurationList;
			buildConfigurations = (
				67419817242C430400FE04EC /* Debug */,
				67419818242C430400FE04EC /* Release */,
			);
			defaultConfigurationIsVisible = 0;
			defaultConfigurationName = Release;
		};
/* End XCConfigurationList section */
	};
	rootObject = 674197EC242C430100FE04EC /* Project object */;
}
